// !$*UTF8*$!
{
	archiveVersion = 1;
	classes = {
	};
	objectVersion = 50;
	objects = {

/* Begin PBXBuildFile section */
		B7E0B47520AC2F9A000272C2 /* AppDelegate.swift in Sources */ = {isa = PBXBuildFile; fileRef = B7E0B46820AC2F9A000272C2 /* AppDelegate.swift */; };
		B7E0B47620AC2F9A000272C2 /* MainViewController.swift in Sources */ = {isa = PBXBuildFile; fileRef = B7E0B46A20AC2F9A000272C2 /* MainViewController.swift */; };
		B7E0B47720AC2F9A000272C2 /* NavigationController.swift in Sources */ = {isa = PBXBuildFile; fileRef = B7E0B46B20AC2F9A000272C2 /* NavigationController.swift */; };
		B7E0B47820AC2F9A000272C2 /* HomeViewController.swift in Sources */ = {isa = PBXBuildFile; fileRef = B7E0B46D20AC2F9A000272C2 /* HomeViewController.swift */; };
		B7E0B47920AC2F9A000272C2 /* MineViewController.swift in Sources */ = {isa = PBXBuildFile; fileRef = B7E0B46E20AC2F9A000272C2 /* MineViewController.swift */; };
		B7E0B47A20AC2F9A000272C2 /* Assets.xcassets in Resources */ = {isa = PBXBuildFile; fileRef = B7E0B46F20AC2F9A000272C2 /* Assets.xcassets */; };
		B7E0B47B20AC2F9A000272C2 /* main-vc-setting.json in Resources */ = {isa = PBXBuildFile; fileRef = B7E0B47120AC2F9A000272C2 /* main-vc-setting.json */; };
		B7E0B47C20AC2F9A000272C2 /* LaunchScreen.storyboard in Resources */ = {isa = PBXBuildFile; fileRef = B7E0B47220AC2F9A000272C2 /* LaunchScreen.storyboard */; };
		B7E0B47D20AC2F9A000272C2 /* Info.plist in Resources */ = {isa = PBXBuildFile; fileRef = B7E0B47420AC2F9A000272C2 /* Info.plist */; };
/* End PBXBuildFile section */

/* Begin PBXFileReference section */
		190CB44D20A97DBD0054DCFB /* CloudCourse.app */ = {isa = PBXFileReference; explicitFileType = wrapper.application; includeInIndex = 0; path = CloudCourse.app; sourceTree = BUILT_PRODUCTS_DIR; };
		B7E0B46820AC2F9A000272C2 /* AppDelegate.swift */ = {isa = PBXFileReference; fileEncoding = 4; lastKnownFileType = sourcecode.swift; path = AppDelegate.swift; sourceTree = "<group>"; };
		B7E0B46A20AC2F9A000272C2 /* MainViewController.swift */ = {isa = PBXFileReference; fileEncoding = 4; lastKnownFileType = sourcecode.swift; path = MainViewController.swift; sourceTree = "<group>"; };
		B7E0B46B20AC2F9A000272C2 /* NavigationController.swift */ = {isa = PBXFileReference; fileEncoding = 4; lastKnownFileType = sourcecode.swift; path = NavigationController.swift; sourceTree = "<group>"; };
		B7E0B46D20AC2F9A000272C2 /* HomeViewController.swift */ = {isa = PBXFileReference; fileEncoding = 4; lastKnownFileType = sourcecode.swift; path = HomeViewController.swift; sourceTree = "<group>"; };
		B7E0B46E20AC2F9A000272C2 /* MineViewController.swift */ = {isa = PBXFileReference; fileEncoding = 4; lastKnownFileType = sourcecode.swift; path = MineViewController.swift; sourceTree = "<group>"; };
		B7E0B46F20AC2F9A000272C2 /* Assets.xcassets */ = {isa = PBXFileReference; lastKnownFileType = folder.assetcatalog; path = Assets.xcassets; sourceTree = "<group>"; };
		B7E0B47120AC2F9A000272C2 /* main-vc-setting.json */ = {isa = PBXFileReference; fileEncoding = 4; lastKnownFileType = text.json; path = "main-vc-setting.json"; sourceTree = "<group>"; };
		B7E0B47320AC2F9A000272C2 /* Base */ = {isa = PBXFileReference; lastKnownFileType = file.storyboard; name = Base; path = Base.lproj/LaunchScreen.storyboard; sourceTree = "<group>"; };
		B7E0B47420AC2F9A000272C2 /* Info.plist */ = {isa = PBXFileReference; fileEncoding = 4; lastKnownFileType = text.plist.xml; path = Info.plist; sourceTree = "<group>"; };
/* End PBXFileReference section */

/* Begin PBXFrameworksBuildPhase section */
		190CB44A20A97DBD0054DCFB /* Frameworks */ = {
			isa = PBXFrameworksBuildPhase;
			buildActionMask = 2147483647;
			files = (
			);
			runOnlyForDeploymentPostprocessing = 0;
		};
/* End PBXFrameworksBuildPhase section */

/* Begin PBXGroup section */
		190CB44420A97DBD0054DCFB = {
			isa = PBXGroup;
			children = (
				B7E0B46520AC2F9A000272C2 /* CloudCourse */,
				190CB44E20A97DBD0054DCFB /* Products */,
			);
			sourceTree = "<group>";
		};
		190CB44E20A97DBD0054DCFB /* Products */ = {
			isa = PBXGroup;
			children = (
				190CB44D20A97DBD0054DCFB /* CloudCourse.app */,
			);
			name = Products;
			sourceTree = "<group>";
		};
		B7E0B46520AC2F9A000272C2 /* CloudCourse */ = {
			isa = PBXGroup;
			children = (
				B7E0B46620AC2F9A000272C2 /* Classes */,
				B7E0B47020AC2F9A000272C2 /* Supporting Files */,
				B7E0B46F20AC2F9A000272C2 /* Assets.xcassets */,
			);
			path = CloudCourse;
			sourceTree = "<group>";
		};
		B7E0B46620AC2F9A000272C2 /* Classes */ = {
			isa = PBXGroup;
			children = (
				B7E0B46920AC2F9A000272C2 /* Main */,
				B7E0B46C20AC2F9A000272C2 /* Controllers */,
				B7E0B46720AC2F9A000272C2 /* Others */,
			);
			path = Classes;
			sourceTree = "<group>";
		};
		B7E0B46720AC2F9A000272C2 /* Others */ = {
			isa = PBXGroup;
			children = (
				B7E0B46820AC2F9A000272C2 /* AppDelegate.swift */,
			);
			path = Others;
			sourceTree = "<group>";
		};
		B7E0B46920AC2F9A000272C2 /* Main */ = {
			isa = PBXGroup;
			children = (
				B7E0B46A20AC2F9A000272C2 /* MainViewController.swift */,
				B7E0B46B20AC2F9A000272C2 /* NavigationController.swift */,
			);
			path = Main;
			sourceTree = "<group>";
		};
		B7E0B46C20AC2F9A000272C2 /* Controllers */ = {
			isa = PBXGroup;
			children = (
				B7E0B46D20AC2F9A000272C2 /* HomeViewController.swift */,
				B7E0B46E20AC2F9A000272C2 /* MineViewController.swift */,
			);
			path = Controllers;
			sourceTree = "<group>";
		};
		B7E0B47020AC2F9A000272C2 /* Supporting Files */ = {
			isa = PBXGroup;
			children = (
				B7E0B47120AC2F9A000272C2 /* main-vc-setting.json */,
				B7E0B47220AC2F9A000272C2 /* LaunchScreen.storyboard */,
				B7E0B47420AC2F9A000272C2 /* Info.plist */,
			);
			path = "Supporting Files";
			sourceTree = "<group>";
		};
/* End PBXGroup section */

/* Begin PBXNativeTarget section */
		190CB44C20A97DBD0054DCFB /* CloudCourse */ = {
			isa = PBXNativeTarget;
			buildConfigurationList = 190CB45F20A97DBE0054DCFB /* Build configuration list for PBXNativeTarget "CloudCourse" */;
			buildPhases = (
				190CB44920A97DBD0054DCFB /* Sources */,
				190CB44A20A97DBD0054DCFB /* Frameworks */,
				190CB44B20A97DBD0054DCFB /* Resources */,
			);
			buildRules = (
			);
			dependencies = (
			);
			name = CloudCourse;
			productName = CloudCourse;
			productReference = 190CB44D20A97DBD0054DCFB /* CloudCourse.app */;
			productType = "com.apple.product-type.application";
		};
/* End PBXNativeTarget section */

/* Begin PBXProject section */
		190CB44520A97DBD0054DCFB /* Project object */ = {
			isa = PBXProject;
			attributes = {
				LastSwiftUpdateCheck = 0930;
				LastUpgradeCheck = 0930;
				ORGANIZATIONNAME = WM;
				TargetAttributes = {
					190CB44C20A97DBD0054DCFB = {
						CreatedOnToolsVersion = 9.3.1;
					};
				};
			};
			buildConfigurationList = 190CB44820A97DBD0054DCFB /* Build configuration list for PBXProject "CloudCourse" */;
			compatibilityVersion = "Xcode 9.3";
			developmentRegion = en;
			hasScannedForEncodings = 0;
			knownRegions = (
				en,
				Base,
			);
			mainGroup = 190CB44420A97DBD0054DCFB;
			productRefGroup = 190CB44E20A97DBD0054DCFB /* Products */;
			projectDirPath = "";
			projectRoot = "";
			targets = (
				190CB44C20A97DBD0054DCFB /* CloudCourse */,
			);
		};
/* End PBXProject section */

/* Begin PBXResourcesBuildPhase section */
		190CB44B20A97DBD0054DCFB /* Resources */ = {
			isa = PBXResourcesBuildPhase;
			buildActionMask = 2147483647;
			files = (
				B7E0B47D20AC2F9A000272C2 /* Info.plist in Resources */,
				B7E0B47C20AC2F9A000272C2 /* LaunchScreen.storyboard in Resources */,
				B7E0B47B20AC2F9A000272C2 /* main-vc-setting.json in Resources */,
				B7E0B47A20AC2F9A000272C2 /* Assets.xcassets in Resources */,
			);
			runOnlyForDeploymentPostprocessing = 0;
		};
/* End PBXResourcesBuildPhase section */

/* Begin PBXSourcesBuildPhase section */
		190CB44920A97DBD0054DCFB /* Sources */ = {
			isa = PBXSourcesBuildPhase;
			buildActionMask = 2147483647;
			files = (
				B7E0B47520AC2F9A000272C2 /* AppDelegate.swift in Sources */,
				B7E0B47720AC2F9A000272C2 /* NavigationController.swift in Sources */,
				B7E0B47620AC2F9A000272C2 /* MainViewController.swift in Sources */,
				B7E0B47820AC2F9A000272C2 /* HomeViewController.swift in Sources */,
				B7E0B47920AC2F9A000272C2 /* MineViewController.swift in Sources */,
			);
			runOnlyForDeploymentPostprocessing = 0;
		};
/* End PBXSourcesBuildPhase section */

/* Begin PBXVariantGroup section */
		B7E0B47220AC2F9A000272C2 /* LaunchScreen.storyboard */ = {
			isa = PBXVariantGroup;
			children = (
				B7E0B47320AC2F9A000272C2 /* Base */,
			);
			name = LaunchScreen.storyboard;
			sourceTree = "<group>";
		};
/* End PBXVariantGroup section */

/* Begin XCBuildConfiguration section */
		190CB45D20A97DBE0054DCFB /* Debug */ = {
			isa = XCBuildConfiguration;
			buildSettings = {
				ALWAYS_SEARCH_USER_PATHS = NO;
				CLANG_ANALYZER_NONNULL = YES;
				CLANG_ANALYZER_NUMBER_OBJECT_CONVERSION = YES_AGGRESSIVE;
				CLANG_CXX_LANGUAGE_STANDARD = "gnu++14";
				CLANG_CXX_LIBRARY = "libc++";
				CLANG_ENABLE_MODULES = YES;
				CLANG_ENABLE_OBJC_ARC = YES;
				CLANG_ENABLE_OBJC_WEAK = YES;
				CLANG_WARN_BLOCK_CAPTURE_AUTORELEASING = YES;
				CLANG_WARN_BOOL_CONVERSION = YES;
				CLANG_WARN_COMMA = YES;
				CLANG_WARN_CONSTANT_CONVERSION = YES;
				CLANG_WARN_DEPRECATED_OBJC_IMPLEMENTATIONS = YES;
				CLANG_WARN_DIRECT_OBJC_ISA_USAGE = YES_ERROR;
				CLANG_WARN_DOCUMENTATION_COMMENTS = YES;
				CLANG_WARN_EMPTY_BODY = YES;
				CLANG_WARN_ENUM_CONVERSION = YES;
				CLANG_WARN_INFINITE_RECURSION = YES;
				CLANG_WARN_INT_CONVERSION = YES;
				CLANG_WARN_NON_LITERAL_NULL_CONVERSION = YES;
				CLANG_WARN_OBJC_IMPLICIT_RETAIN_SELF = YES;
				CLANG_WARN_OBJC_LITERAL_CONVERSION = YES;
				CLANG_WARN_OBJC_ROOT_CLASS = YES_ERROR;
				CLANG_WARN_RANGE_LOOP_ANALYSIS = YES;
				CLANG_WARN_STRICT_PROTOTYPES = YES;
				CLANG_WARN_SUSPICIOUS_MOVE = YES;
				CLANG_WARN_UNGUARDED_AVAILABILITY = YES_AGGRESSIVE;
				CLANG_WARN_UNREACHABLE_CODE = YES;
				CLANG_WARN__DUPLICATE_METHOD_MATCH = YES;
				CODE_SIGN_IDENTITY = "iPhone Developer";
				COPY_PHASE_STRIP = NO;
				DEBUG_INFORMATION_FORMAT = dwarf;
				ENABLE_STRICT_OBJC_MSGSEND = YES;
				ENABLE_TESTABILITY = YES;
				GCC_C_LANGUAGE_STANDARD = gnu11;
				GCC_DYNAMIC_NO_PIC = NO;
				GCC_NO_COMMON_BLOCKS = YES;
				GCC_OPTIMIZATION_LEVEL = 0;
				GCC_PREPROCESSOR_DEFINITIONS = (
					"DEBUG=1",
					"$(inherited)",
				);
				GCC_WARN_64_TO_32_BIT_CONVERSION = YES;
				GCC_WARN_ABOUT_RETURN_TYPE = YES_ERROR;
				GCC_WARN_UNDECLARED_SELECTOR = YES;
				GCC_WARN_UNINITIALIZED_AUTOS = YES_AGGRESSIVE;
				GCC_WARN_UNUSED_FUNCTION = YES;
				GCC_WARN_UNUSED_VARIABLE = YES;
				INFOPLIST_FILE = "$(SRCROOT)/CloudCourse/Supporting Files/Info.plist";
				IPHONEOS_DEPLOYMENT_TARGET = 9.0;
				MTL_ENABLE_DEBUG_INFO = YES;
				ONLY_ACTIVE_ARCH = YES;
				SDKROOT = iphoneos;
				SWIFT_ACTIVE_COMPILATION_CONDITIONS = DEBUG;
				SWIFT_OPTIMIZATION_LEVEL = "-Onone";
			};
			name = Debug;
		};
		190CB45E20A97DBE0054DCFB /* Release */ = {
			isa = XCBuildConfiguration;
			buildSettings = {
				ALWAYS_SEARCH_USER_PATHS = NO;
				CLANG_ANALYZER_NONNULL = YES;
				CLANG_ANALYZER_NUMBER_OBJECT_CONVERSION = YES_AGGRESSIVE;
				CLANG_CXX_LANGUAGE_STANDARD = "gnu++14";
				CLANG_CXX_LIBRARY = "libc++";
				CLANG_ENABLE_MODULES = YES;
				CLANG_ENABLE_OBJC_ARC = YES;
				CLANG_ENABLE_OBJC_WEAK = YES;
				CLANG_WARN_BLOCK_CAPTURE_AUTORELEASING = YES;
				CLANG_WARN_BOOL_CONVERSION = YES;
				CLANG_WARN_COMMA = YES;
				CLANG_WARN_CONSTANT_CONVERSION = YES;
				CLANG_WARN_DEPRECATED_OBJC_IMPLEMENTATIONS = YES;
				CLANG_WARN_DIRECT_OBJC_ISA_USAGE = YES_ERROR;
				CLANG_WARN_DOCUMENTATION_COMMENTS = YES;
				CLANG_WARN_EMPTY_BODY = YES;
				CLANG_WARN_ENUM_CONVERSION = YES;
				CLANG_WARN_INFINITE_RECURSION = YES;
				CLANG_WARN_INT_CONVERSION = YES;
				CLANG_WARN_NON_LITERAL_NULL_CONVERSION = YES;
				CLANG_WARN_OBJC_IMPLICIT_RETAIN_SELF = YES;
				CLANG_WARN_OBJC_LITERAL_CONVERSION = YES;
				CLANG_WARN_OBJC_ROOT_CLASS = YES_ERROR;
				CLANG_WARN_RANGE_LOOP_ANALYSIS = YES;
				CLANG_WARN_STRICT_PROTOTYPES = YES;
				CLANG_WARN_SUSPICIOUS_MOVE = YES;
				CLANG_WARN_UNGUARDED_AVAILABILITY = YES_AGGRESSIVE;
				CLANG_WARN_UNREACHABLE_CODE = YES;
				CLANG_WARN__DUPLICATE_METHOD_MATCH = YES;
				CODE_SIGN_IDENTITY = "iPhone Developer";
				COPY_PHASE_STRIP = NO;
				DEBUG_INFORMATION_FORMAT = "dwarf-with-dsym";
				ENABLE_NS_ASSERTIONS = NO;
				ENABLE_STRICT_OBJC_MSGSEND = YES;
				GCC_C_LANGUAGE_STANDARD = gnu11;
				GCC_NO_COMMON_BLOCKS = YES;
				GCC_WARN_64_TO_32_BIT_CONVERSION = YES;
				GCC_WARN_ABOUT_RETURN_TYPE = YES_ERROR;
				GCC_WARN_UNDECLARED_SELECTOR = YES;
				GCC_WARN_UNINITIALIZED_AUTOS = YES_AGGRESSIVE;
				GCC_WARN_UNUSED_FUNCTION = YES;
				GCC_WARN_UNUSED_VARIABLE = YES;
				INFOPLIST_FILE = "$(SRCROOT)/CloudCourse/Supporting Files/Info.plist";
				IPHONEOS_DEPLOYMENT_TARGET = 9.0;
				MTL_ENABLE_DEBUG_INFO = NO;
				SDKROOT = iphoneos;
				SWIFT_COMPILATION_MODE = wholemodule;
				SWIFT_OPTIMIZATION_LEVEL = "-O";
				VALIDATE_PRODUCT = YES;
			};
			name = Release;
		};
		190CB46020A97DBE0054DCFB /* Debug */ = {
			isa = XCBuildConfiguration;
			buildSettings = {
				ASSETCATALOG_COMPILER_APPICON_NAME = AppIcon;
				CODE_SIGN_STYLE = Automatic;
				DEVELOPMENT_TEAM = WZCA99V8R2;
				INFOPLIST_FILE = "$(SRCROOT)/CloudCourse/Supporting Files/Info.plist";
				IPHONEOS_DEPLOYMENT_TARGET = 9.0;
				LD_RUNPATH_SEARCH_PATHS = (
					"$(inherited)",
					"@executable_path/Frameworks",
				);
				PRODUCT_BUNDLE_IDENTIFIER = com.xigua.ins;
				PRODUCT_NAME = "$(TARGET_NAME)";
				SWIFT_VERSION = 4.0;
				TARGETED_DEVICE_FAMILY = "1,2";
			};
			name = Debug;
		};
		190CB46120A97DBE0054DCFB /* Release */ = {
			isa = XCBuildConfiguration;
			buildSettings = {
				ASSETCATALOG_COMPILER_APPICON_NAME = AppIcon;
				CODE_SIGN_STYLE = Automatic;
				DEVELOPMENT_TEAM = WZCA99V8R2;
				INFOPLIST_FILE = "$(SRCROOT)/CloudCourse/Supporting Files/Info.plist";
				IPHONEOS_DEPLOYMENT_TARGET = 9.0;
				LD_RUNPATH_SEARCH_PATHS = (
					"$(inherited)",
					"@executable_path/Frameworks",
				);
				PRODUCT_BUNDLE_IDENTIFIER = com.xigua.ins;
				PRODUCT_NAME = "$(TARGET_NAME)";
				SWIFT_VERSION = 4.0;
				TARGETED_DEVICE_FAMILY = "1,2";
			};
			name = Release;
		};
/* End XCBuildConfiguration section */

/* Begin XCConfigurationList section */
		190CB44820A97DBD0054DCFB /* Build configuration list for PBXProject "CloudCourse" */ = {
			isa = XCConfigurationList;
			buildConfigurations = (
				190CB45D20A97DBE0054DCFB /* Debug */,
				190CB45E20A97DBE0054DCFB /* Release */,
			);
			defaultConfigurationIsVisible = 0;
			defaultConfigurationName = Release;
		};
		190CB45F20A97DBE0054DCFB /* Build configuration list for PBXNativeTarget "CloudCourse" */ = {
			isa = XCConfigurationList;
			buildConfigurations = (
				190CB46020A97DBE0054DCFB /* Debug */,
				190CB46120A97DBE0054DCFB /* Release */,
			);
			defaultConfigurationIsVisible = 0;
			defaultConfigurationName = Release;
		};
/* End XCConfigurationList section */
	};
	rootObject = 190CB44520A97DBD0054DCFB /* Project object */;
}
